
Microsoft Visual Studio Solution File, Format Version 12.00
# Visual Studio 15
VisualStudioVersion = 15.0.28307.902
MinimumVisualStudioVersion = 10.0.40219.1
Project("{9A19103F-16F7-4668-BE54-9A1E7A4F7556}") = "TestAssignment.Core", "TestAssignment.Core\TestAssignment.Core.csproj", "{69F8BE40-FF01-44CB-B510-7F47C877D381}"
EndProject
Project("{FAE04EC0-301F-11D3-BF4B-00C04F79EFBC}") = "TestAssignment", "TestAssignment\TestAssignment.csproj", "{0EFE1D80-C258-4D0A-8963-0A00DFE79F80}"
EndProject
Project("{FAE04EC0-301F-11D3-BF4B-00C04F79EFBC}") = "TestAssignment.Core.Test", "TestAssignment.Core.Test\TestAssignment.Core.Test.csproj", "{10113885-6F0A-414E-8165-FA17A86E469E}"
EndProject
Project("{FAE04EC0-301F-11D3-BF4B-00C04F79EFBC}") = "TestAssignment.ViewModel", "TestAssignment.ViewModel\TestAssignment.ViewModel.csproj", "{F1C85025-B192-44EA-9914-F7C6FC62EB64}"
EndProject
Global
	GlobalSection(SolutionConfigurationPlatforms) = preSolution
		Debug|Any CPU = Debug|Any CPU
		Release|Any CPU = Release|Any CPU
	EndGlobalSection
	GlobalSection(ProjectConfigurationPlatforms) = postSolution
		{69F8BE40-FF01-44CB-B510-7F47C877D381}.Debug|Any CPU.ActiveCfg = Debug|Any CPU
		{69F8BE40-FF01-44CB-B510-7F47C877D381}.Debug|Any CPU.Build.0 = Debug|Any CPU
		{69F8BE40-FF01-44CB-B510-7F47C877D381}.Release|Any CPU.ActiveCfg = Release|Any CPU
		{69F8BE40-FF01-44CB-B510-7F47C877D381}.Release|Any CPU.Build.0 = Release|Any CPU
		{0EFE1D80-C258-4D0A-8963-0A00DFE79F80}.Debug|Any CPU.ActiveCfg = Debug|Any CPU
		{0EFE1D80-C258-4D0A-8963-0A00DFE79F80}.Debug|Any CPU.Build.0 = Debug|Any CPU
		{0EFE1D80-C258-4D0A-8963-0A00DFE79F80}.Release|Any CPU.ActiveCfg = Release|Any CPU
		{0EFE1D80-C258-4D0A-8963-0A00DFE79F80}.Release|Any CPU.Build.0 = Release|Any CPU
		{10113885-6F0A-414E-8165-FA17A86E469E}.Debug|Any CPU.ActiveCfg = Debug|Any CPU
		{10113885-6F0A-414E-8165-FA17A86E469E}.Debug|Any CPU.Build.0 = Debug|Any CPU
		{10113885-6F0A-414E-8165-FA17A86E469E}.Release|Any CPU.ActiveCfg = Release|Any CPU
		{10113885-6F0A-414E-8165-FA17A86E469E}.Release|Any CPU.Build.0 = Release|Any CPU
		{F1C85025-B192-44EA-9914-F7C6FC62EB64}.Debug|Any CPU.ActiveCfg = Debug|Any CPU
		{F1C85025-B192-44EA-9914-F7C6FC62EB64}.Debug|Any CPU.Build.0 = Debug|Any CPU
		{F1C85025-B192-44EA-9914-F7C6FC62EB64}.Release|Any CPU.ActiveCfg = Release|Any CPU
		{F1C85025-B192-44EA-9914-F7C6FC62EB64}.Release|Any CPU.Build.0 = Release|Any CPU
	EndGlobalSection
	GlobalSection(SolutionProperties) = preSolution
		HideSolutionNode = FALSE
	EndGlobalSection
	GlobalSection(ExtensibilityGlobals) = postSolution
		SolutionGuid = {9E15D944-5AFF-453B-B005-5C81A534389A}
	EndGlobalSection
EndGlobal
